
Microsoft Visual Studio Solution File, Format Version 12.00
# Visual Studio 15
VisualStudioVersion = 15.0.28307.852
MinimumVisualStudioVersion = 10.0.40219.1
Project("{9A19103F-16F7-4668-BE54-9A1E7A4F7556}") = "KG.System.Data.SqlClient.Extensions.ReaderWrapper", "KG.System.Data.SqlClient.Extensions.ReaderWrapper.csproj", "{D58A1799-3A42-4EEA-828D-B2036C88F769}"
EndProject
Project("{2150E333-8FDC-42A3-9474-1A3956D46DE8}") = "build", "build", "{EEB8019A-1C1A-4534-8A1F-203E1323F9E7}"
	ProjectSection(SolutionItems) = preProject
		build.cmd = build.cmd
		build.fsx = build.fsx
	EndProjectSection
EndProject
Global
	GlobalSection(SolutionConfigurationPlatforms) = preSolution
		Debug|Any CPU = Debug|Any CPU
		Release|Any CPU = Release|Any CPU
	EndGlobalSection
	GlobalSection(ProjectConfigurationPlatforms) = postSolution
		{D58A1799-3A42-4EEA-828D-B2036C88F769}.Debug|Any CPU.ActiveCfg = Debug|Any CPU
		{D58A1799-3A42-4EEA-828D-B2036C88F769}.Debug|Any CPU.Build.0 = Debug|Any CPU
		{D58A1799-3A42-4EEA-828D-B2036C88F769}.Release|Any CPU.ActiveCfg = Release|Any CPU
		{D58A1799-3A42-4EEA-828D-B2036C88F769}.Release|Any CPU.Build.0 = Release|Any CPU
	EndGlobalSection
	GlobalSection(SolutionProperties) = preSolution
		HideSolutionNode = FALSE
	EndGlobalSection
	GlobalSection(ExtensibilityGlobals) = postSolution
		SolutionGuid = {0E1ECA29-37B2-4AA8-821C-9835856B98C7}
	EndGlobalSection
EndGlobal
